
Microsoft Visual Studio Solution File, Format Version 12.00
# Visual Studio Version 17
VisualStudioVersion = 17.5.002.0
MinimumVisualStudioVersion = 10.0.40219.1
Project("{9A19103F-16F7-4668-BE54-9A1E7A4F7556}") = "clase10-pe-Cintia-Alvardo", "clase10-pe-Cintia-Alvardo.csproj", "{50FE5904-74AB-4C51-A809-99AA3BC9B408}"
EndProject
Global
	GlobalSection(SolutionConfigurationPlatforms) = preSolution
		Debug|Any CPU = Debug|Any CPU
		Release|Any CPU = Release|Any CPU
	EndGlobalSection
	GlobalSection(ProjectConfigurationPlatforms) = postSolution
		{50FE5904-74AB-4C51-A809-99AA3BC9B408}.Debug|Any CPU.ActiveCfg = Debug|Any CPU
		{50FE5904-74AB-4C51-A809-99AA3BC9B408}.Debug|Any CPU.Build.0 = Debug|Any CPU
		{50FE5904-74AB-4C51-A809-99AA3BC9B408}.Release|Any CPU.ActiveCfg = Release|Any CPU
		{50FE5904-74AB-4C51-A809-99AA3BC9B408}.Release|Any CPU.Build.0 = Release|Any CPU
	EndGlobalSection
	GlobalSection(SolutionProperties) = preSolution
		HideSolutionNode = FALSE
	EndGlobalSection
	GlobalSection(ExtensibilityGlobals) = postSolution
		SolutionGuid = {336291A2-02F9-4285-8463-3DE8F6F51021}
	EndGlobalSection
EndGlobal
